
Microsoft Visual Studio Solution File, Format Version 12.00
# Visual Studio Version 16
VisualStudioVersion = 16.0.29806.167
MinimumVisualStudioVersion = 10.0.40219.1
Project("{FAE04EC0-301F-11D3-BF4B-00C04F79EFBC}") = "Ruminoid.Trimmer.Shell", "Ruminoid.Trimmer.Shell\Ruminoid.Trimmer.Shell.csproj", "{660C9C02-D659-4D62-9B32-2E756F5B8CBC}"
EndProject
Project("{FAE04EC0-301F-11D3-BF4B-00C04F79EFBC}") = "MetroRadiance", "MetroRadiance\source\MetroRadiance\MetroRadiance.csproj", "{0AF0B9FF-D981-4D0F-A41F-C3AB6FE2F16D}"
EndProject
Project("{FAE04EC0-301F-11D3-BF4B-00C04F79EFBC}") = "MetroRadiance.Chrome", "MetroRadiance\source\MetroRadiance.Chrome\MetroRadiance.Chrome.csproj", "{21B4AD15-D9FA-4873-BFAD-1EEEFBC6C264}"
EndProject
Project("{FAE04EC0-301F-11D3-BF4B-00C04F79EFBC}") = "MetroRadiance.Chrome.Externals", "MetroRadiance\source\MetroRadiance.Chrome.Externals\MetroRadiance.Chrome.Externals.csproj", "{35F4CDD9-E656-48C1-96F8-77CB63480E08}"
EndProject
Project("{FAE04EC0-301F-11D3-BF4B-00C04F79EFBC}") = "MetroRadiance.Core", "MetroRadiance\source\MetroRadiance.Core\MetroRadiance.Core.csproj", "{A6B0A741-5BE0-479D-B813-E65672350057}"
EndProject
Project("{FAE04EC0-301F-11D3-BF4B-00C04F79EFBC}") = "RetroRadiance", "MetroRadiance\source\RetroRadiance\RetroRadiance.csproj", "{7F898B3A-DA17-4CAB-B387-5629B5FACA49}"
EndProject
Project("{FAE04EC0-301F-11D3-BF4B-00C04F79EFBC}") = "YDock", "YDock\YDock\YDock.csproj", "{2BD226E4-B931-4B46-A6C3-D15270AD0565}"
EndProject
Project("{FAE04EC0-301F-11D3-BF4B-00C04F79EFBC}") = "VisualIcon", "VisualIcon\VisualIcon\VisualIcon.csproj", "{04DBBEF4-F422-4973-8EAA-11C15E09B7DE}"
EndProject
Global
	GlobalSection(SolutionConfigurationPlatforms) = preSolution
		Debug|x64 = Debug|x64
		Release RETRO|x64 = Release RETRO|x64
		Release|x64 = Release|x64
	EndGlobalSection
	GlobalSection(ProjectConfigurationPlatforms) = postSolution
		{660C9C02-D659-4D62-9B32-2E756F5B8CBC}.Debug|x64.ActiveCfg = Debug|x64
		{660C9C02-D659-4D62-9B32-2E756F5B8CBC}.Debug|x64.Build.0 = Debug|x64
		{660C9C02-D659-4D62-9B32-2E756F5B8CBC}.Release RETRO|x64.ActiveCfg = Release|x64
		{660C9C02-D659-4D62-9B32-2E756F5B8CBC}.Release RETRO|x64.Build.0 = Release|x64
		{660C9C02-D659-4D62-9B32-2E756F5B8CBC}.Release|x64.ActiveCfg = Release|x64
		{660C9C02-D659-4D62-9B32-2E756F5B8CBC}.Release|x64.Build.0 = Release|x64
		{0AF0B9FF-D981-4D0F-A41F-C3AB6FE2F16D}.Debug|x64.ActiveCfg = Debug|x64
		{0AF0B9FF-D981-4D0F-A41F-C3AB6FE2F16D}.Debug|x64.Build.0 = Debug|x64
		{0AF0B9FF-D981-4D0F-A41F-C3AB6FE2F16D}.Release RETRO|x64.ActiveCfg = Release RETRO|x64
		{0AF0B9FF-D981-4D0F-A41F-C3AB6FE2F16D}.Release RETRO|x64.Build.0 = Release RETRO|x64
		{0AF0B9FF-D981-4D0F-A41F-C3AB6FE2F16D}.Release|x64.ActiveCfg = Release|x64
		{0AF0B9FF-D981-4D0F-A41F-C3AB6FE2F16D}.Release|x64.Build.0 = Release|x64
		{21B4AD15-D9FA-4873-BFAD-1EEEFBC6C264}.Debug|x64.ActiveCfg = Debug|x64
		{21B4AD15-D9FA-4873-BFAD-1EEEFBC6C264}.Debug|x64.Build.0 = Debug|x64
		{21B4AD15-D9FA-4873-BFAD-1EEEFBC6C264}.Release RETRO|x64.ActiveCfg = Release|x64
		{21B4AD15-D9FA-4873-BFAD-1EEEFBC6C264}.Release RETRO|x64.Build.0 = Release|x64
		{21B4AD15-D9FA-4873-BFAD-1EEEFBC6C264}.Release|x64.ActiveCfg = Release|x64
		{21B4AD15-D9FA-4873-BFAD-1EEEFBC6C264}.Release|x64.Build.0 = Release|x64
		{35F4CDD9-E656-48C1-96F8-77CB63480E08}.Debug|x64.ActiveCfg = Debug|x64
		{35F4CDD9-E656-48C1-96F8-77CB63480E08}.Debug|x64.Build.0 = Debug|x64
		{35F4CDD9-E656-48C1-96F8-77CB63480E08}.Release RETRO|x64.ActiveCfg = Release|x64
		{35F4CDD9-E656-48C1-96F8-77CB63480E08}.Release RETRO|x64.Build.0 = Release|x64
		{35F4CDD9-E656-48C1-96F8-77CB63480E08}.Release|x64.ActiveCfg = Release|x64
		{35F4CDD9-E656-48C1-96F8-77CB63480E08}.Release|x64.Build.0 = Release|x64
		{A6B0A741-5BE0-479D-B813-E65672350057}.Debug|x64.ActiveCfg = Debug|x64
		{A6B0A741-5BE0-479D-B813-E65672350057}.Debug|x64.Build.0 = Debug|x64
		{A6B0A741-5BE0-479D-B813-E65672350057}.Release RETRO|x64.ActiveCfg = Release|x64
		{A6B0A741-5BE0-479D-B813-E65672350057}.Release RETRO|x64.Build.0 = Release|x64
		{A6B0A741-5BE0-479D-B813-E65672350057}.Release|x64.ActiveCfg = Release|x64
		{A6B0A741-5BE0-479D-B813-E65672350057}.Release|x64.Build.0 = Release|x64
		{7F898B3A-DA17-4CAB-B387-5629B5FACA49}.Debug|x64.ActiveCfg = Debug|x64
		{7F898B3A-DA17-4CAB-B387-5629B5FACA49}.Debug|x64.Build.0 = Debug|x64
		{7F898B3A-DA17-4CAB-B387-5629B5FACA49}.Release RETRO|x64.ActiveCfg = Release|x64
		{7F898B3A-DA17-4CAB-B387-5629B5FACA49}.Release RETRO|x64.Build.0 = Release|x64
		{7F898B3A-DA17-4CAB-B387-5629B5FACA49}.Release|x64.ActiveCfg = Release|x64
		{7F898B3A-DA17-4CAB-B387-5629B5FACA49}.Release|x64.Build.0 = Release|x64
		{2BD226E4-B931-4B46-A6C3-D15270AD0565}.Debug|x64.ActiveCfg = Debug|x64
		{2BD226E4-B931-4B46-A6C3-D15270AD0565}.Debug|x64.Build.0 = Debug|x64
		{2BD226E4-B931-4B46-A6C3-D15270AD0565}.Release RETRO|x64.ActiveCfg = Release|x64
		{2BD226E4-B931-4B46-A6C3-D15270AD0565}.Release RETRO|x64.Build.0 = Release|x64
		{2BD226E4-B931-4B46-A6C3-D15270AD0565}.Release|x64.ActiveCfg = Release|x64
		{2BD226E4-B931-4B46-A6C3-D15270AD0565}.Release|x64.Build.0 = Release|x64
		{04DBBEF4-F422-4973-8EAA-11C15E09B7DE}.Debug|x64.ActiveCfg = Debug|x64
		{04DBBEF4-F422-4973-8EAA-11C15E09B7DE}.Debug|x64.Build.0 = Debug|x64
		{04DBBEF4-F422-4973-8EAA-11C15E09B7DE}.Release RETRO|x64.ActiveCfg = Release|x64
		{04DBBEF4-F422-4973-8EAA-11C15E09B7DE}.Release RETRO|x64.Build.0 = Release|x64
		{04DBBEF4-F422-4973-8EAA-11C15E09B7DE}.Release|x64.ActiveCfg = Release|x64
		{04DBBEF4-F422-4973-8EAA-11C15E09B7DE}.Release|x64.Build.0 = Release|x64
	EndGlobalSection
	GlobalSection(SolutionProperties) = preSolution
		HideSolutionNode = FALSE
	EndGlobalSection
	GlobalSection(ExtensibilityGlobals) = postSolution
		SolutionGuid = {3634BEB8-FDB5-4231-A0FF-0C37F90F0FE9}
	EndGlobalSection
EndGlobal
